
Microsoft Visual Studio Solution File, Format Version 12.00
# Visual Studio Version 17
VisualStudioVersion = 17.3.32901.215
MinimumVisualStudioVersion = 10.0.40219.1
Project("{FAE04EC0-301F-11D3-BF4B-00C04F79EFBC}") = "ПИ_Лаб№7", "ПИ_Лаб№7\ПИ_Лаб№7.csproj", "{6097C190-AA41-4AC8-8429-815FC0C0C2ED}"
EndProject
Global
	GlobalSection(SolutionConfigurationPlatforms) = preSolution
		Debug|Any CPU = Debug|Any CPU
		Release|Any CPU = Release|Any CPU
	EndGlobalSection
	GlobalSection(ProjectConfigurationPlatforms) = postSolution
		{6097C190-AA41-4AC8-8429-815FC0C0C2ED}.Debug|Any CPU.ActiveCfg = Debug|Any CPU
		{6097C190-AA41-4AC8-8429-815FC0C0C2ED}.Debug|Any CPU.Build.0 = Debug|Any CPU
		{6097C190-AA41-4AC8-8429-815FC0C0C2ED}.Release|Any CPU.ActiveCfg = Release|Any CPU
		{6097C190-AA41-4AC8-8429-815FC0C0C2ED}.Release|Any CPU.Build.0 = Release|Any CPU
	EndGlobalSection
	GlobalSection(SolutionProperties) = preSolution
		HideSolutionNode = FALSE
	EndGlobalSection
	GlobalSection(ExtensibilityGlobals) = postSolution
		SolutionGuid = {BA8741FC-5983-4B4D-8511-CE620CA8565C}
	EndGlobalSection
EndGlobal
