
Microsoft Visual Studio Solution File, Format Version 12.00
# Visual Studio Version 17
VisualStudioVersion = 17.3.32901.215
MinimumVisualStudioVersion = 10.0.40219.1
Project("{9A19103F-16F7-4668-BE54-9A1E7A4F7556}") = "ПИ_Лаб_№3", "WinFormsApp1\ПИ_Лаб_№3.csproj", "{FDBEBFD2-3D0F-46FD-9E07-7FE032D69AA1}"
EndProject
Global
	GlobalSection(SolutionConfigurationPlatforms) = preSolution
		Debug|Any CPU = Debug|Any CPU
		Release|Any CPU = Release|Any CPU
	EndGlobalSection
	GlobalSection(ProjectConfigurationPlatforms) = postSolution
		{FDBEBFD2-3D0F-46FD-9E07-7FE032D69AA1}.Debug|Any CPU.ActiveCfg = Debug|Any CPU
		{FDBEBFD2-3D0F-46FD-9E07-7FE032D69AA1}.Debug|Any CPU.Build.0 = Debug|Any CPU
		{FDBEBFD2-3D0F-46FD-9E07-7FE032D69AA1}.Release|Any CPU.ActiveCfg = Release|Any CPU
		{FDBEBFD2-3D0F-46FD-9E07-7FE032D69AA1}.Release|Any CPU.Build.0 = Release|Any CPU
	EndGlobalSection
	GlobalSection(SolutionProperties) = preSolution
		HideSolutionNode = FALSE
	EndGlobalSection
	GlobalSection(ExtensibilityGlobals) = postSolution
		SolutionGuid = {FFFC12F6-5AEB-4573-A79C-B2F2E10C11F1}
	EndGlobalSection
EndGlobal
